# THIS IS AN AUTOGENERATED FILE. DO NOT EDIT THIS FILE DIRECTLY.
# yarn lockfile v1


"@next/env@13.5.4":
  "integrity" "sha512-LGegJkMvRNw90WWphGJ3RMHMVplYcOfRWf2Be3td3sUa+1AaxmsYyANsA+znrGCBjXJNi4XAQlSoEfUxs/4kIQ=="
  "resolved" "https://registry.npmjs.org/@next/env/-/env-13.5.4.tgz"
  "version" "13.5.4"

"@next/swc-darwin-arm64@13.5.4":
  "integrity" "sha512-Df8SHuXgF1p+aonBMcDPEsaahNo2TCwuie7VXED4FVyECvdXfRT9unapm54NssV9tF3OQFKBFOdlje4T43VO0w=="
  "resolved" "https://registry.npmjs.org/@next/swc-darwin-arm64/-/swc-darwin-arm64-13.5.4.tgz"
  "version" "13.5.4"

"@swc/helpers@0.5.2":
  "integrity" "sha512-E4KcWTpoLHqwPHLxidpOqQbcrZVgi0rsmmZXUle1jXmJfuIf/UWpczUJ7MZZ5tlxytgJXyp0w4PGkkeLiuIdZw=="
  "resolved" "https://registry.npmjs.org/@swc/helpers/-/helpers-0.5.2.tgz"
  "version" "0.5.2"
  dependencies:
    "tslib" "^2.4.0"

"@types/node@20.8.5":
  "integrity" "sha512-SPlobFgbidfIeOYlzXiEjSYeIJiOCthv+9tSQVpvk4PAdIIc+2SmjNVzWXk9t0Y7dl73Zdf+OgXKHX9XtkqUpw=="
  "resolved" "https://registry.npmjs.org/@types/node/-/node-20.8.5.tgz"
  "version" "20.8.5"
  dependencies:
    "undici-types" "~5.25.1"

"@types/prop-types@*":
  "integrity" "sha512-kMpQpfZKSCBqltAJwskgePRaYRFukDkm1oItcAbC3gNELR20XIBcN9VRgg4+m8DKsTfkWeA4m4Imp4DDuWy7FQ=="
  "resolved" "https://registry.npmjs.org/@types/prop-types/-/prop-types-15.7.8.tgz"
  "version" "15.7.8"

"@types/react@18.2.28":
  "integrity" "sha512-ad4aa/RaaJS3hyGz0BGegdnSRXQBkd1CCYDCdNjBPg90UUpLgo+WlJqb9fMYUxtehmzF3PJaTWqRZjko6BRzBg=="
  "resolved" "https://registry.npmjs.org/@types/react/-/react-18.2.28.tgz"
  "version" "18.2.28"
  dependencies:
    "@types/prop-types" "*"
    "@types/scheduler" "*"
    "csstype" "^3.0.2"

"@types/scheduler@*":
  "integrity" "sha512-2L9ifAGl7wmXwP4v3pN4p2FLhD0O1qsJpvKmNin5VA8+UvNVb447UDaAEV6UdrkA+m/Xs58U1RFps44x6TFsVQ=="
  "resolved" "https://registry.npmjs.org/@types/scheduler/-/scheduler-0.16.4.tgz"
  "version" "0.16.4"

"animate.css@^4.1.1":
  "integrity" "sha512-+mRmCTv6SbCmtYJCN4faJMNFVNN5EuCTTprDTAo7YzIGji2KADmakjVA3+8mVDkZ2Bf09vayB35lSQIex2+QaQ=="
  "resolved" "https://registry.npmjs.org/animate.css/-/animate.css-4.1.1.tgz"
  "version" "4.1.1"

"busboy@1.6.0":
  "integrity" "sha512-8SFQbg/0hQ9xy3UNTB0YEnsNBbWfhf7RtnzpL7TkBiTBRfrQ9Fxcnz7VJsleJpyp6rVLvXiuORqjlHi5q+PYuA=="
  "resolved" "https://registry.npmjs.org/busboy/-/busboy-1.6.0.tgz"
  "version" "1.6.0"
  dependencies:
    "streamsearch" "^1.1.0"

"caniuse-lite@^1.0.30001406":
  "integrity" "sha512-W7CrtIModMAxobGhz8iXmDfuJiiKg1WADMO/9x7/CLNin5cpSbuBjooyoIUVB5eyCc36QuTVlkVa1iB2S5+/eA=="
  "resolved" "https://registry.npmjs.org/caniuse-lite/-/caniuse-lite-1.0.30001547.tgz"
  "version" "1.0.30001547"

"client-only@0.0.1":
  "integrity" "sha512-IV3Ou0jSMzZrd3pZ48nLkT9DA7Ag1pnPzaiQhpW7c3RbcqqzvzzVu+L8gfqMp/8IM2MQtSiqaCxrrcfu8I8rMA=="
  "resolved" "https://registry.npmjs.org/client-only/-/client-only-0.0.1.tgz"
  "version" "0.0.1"

"csstype@^3.0.2":
  "integrity" "sha512-I7K1Uu0MBPzaFKg4nI5Q7Vs2t+3gWWW648spaF+Rg7pI9ds18Ugn+lvg4SHczUdKlHI5LWBXyqfS8+DufyBsgQ=="
  "resolved" "https://registry.npmjs.org/csstype/-/csstype-3.1.2.tgz"
  "version" "3.1.2"

"glob-to-regexp@^0.4.1":
  "integrity" "sha512-lkX1HJXwyMcprw/5YUZc2s7DrpAiHB21/V+E1rHUrVNokkvB6bqMzT0VfV6/86ZNabt1k14YOIaT7nDvOX3Iiw=="
  "resolved" "https://registry.npmjs.org/glob-to-regexp/-/glob-to-regexp-0.4.1.tgz"
  "version" "0.4.1"

"graceful-fs@^4.1.2":
  "integrity" "sha512-RbJ5/jmFcNNCcDV5o9eTnBLJ/HszWV0P73bc+Ff4nS/rJj+YaS6IGyiOL0VoBYX+l1Wrl3k63h/KrH+nhJ0XvQ=="
  "resolved" "https://registry.npmjs.org/graceful-fs/-/graceful-fs-4.2.11.tgz"
  "version" "4.2.11"

"js-tokens@^3.0.0 || ^4.0.0":
  "integrity" "sha512-RdJUflcE3cUzKiMqQgsCu06FPu9UdIJO0beYbPhHN4k6apgJtifcoCtT9bcxOpYBtpD2kCM6Sbzg4CausW/PKQ=="
  "resolved" "https://registry.npmjs.org/js-tokens/-/js-tokens-4.0.0.tgz"
  "version" "4.0.0"

"loose-envify@^1.1.0":
  "integrity" "sha512-lyuxPGr/Wfhrlem2CL/UcnUc1zcqKAImBDzukY7Y5F/yQiNdko6+fRLevlw1HgMySw7f611UIY408EtxRSoK3Q=="
  "resolved" "https://registry.npmjs.org/loose-envify/-/loose-envify-1.4.0.tgz"
  "version" "1.4.0"
  dependencies:
    "js-tokens" "^3.0.0 || ^4.0.0"

"nanoid@^3.3.6":
  "integrity" "sha512-BGcqMMJuToF7i1rt+2PWSNVnWIkGCU78jBG3RxO/bZlnZPK2Cmi2QaffxGO/2RvWi9sL+FAiRiXMgsyxQ1DIDA=="
  "resolved" "https://registry.npmjs.org/nanoid/-/nanoid-3.3.6.tgz"
  "version" "3.3.6"

"next@13.5.4":
  "integrity" "sha512-+93un5S779gho8y9ASQhb/bTkQF17FNQOtXLKAj3lsNgltEcF0C5PMLLncDmH+8X1EnJH1kbqAERa29nRXqhjA=="
  "resolved" "https://registry.npmjs.org/next/-/next-13.5.4.tgz"
  "version" "13.5.4"
  dependencies:
    "@next/env" "13.5.4"
    "@swc/helpers" "0.5.2"
    "busboy" "1.6.0"
    "caniuse-lite" "^1.0.30001406"
    "postcss" "8.4.31"
    "styled-jsx" "5.1.1"
    "watchpack" "2.4.0"
  optionalDependencies:
    "@next/swc-darwin-arm64" "13.5.4"
    "@next/swc-darwin-x64" "13.5.4"
    "@next/swc-linux-arm64-gnu" "13.5.4"
    "@next/swc-linux-arm64-musl" "13.5.4"
    "@next/swc-linux-x64-gnu" "13.5.4"
    "@next/swc-linux-x64-musl" "13.5.4"
    "@next/swc-win32-arm64-msvc" "13.5.4"
    "@next/swc-win32-ia32-msvc" "13.5.4"
    "@next/swc-win32-x64-msvc" "13.5.4"

"picocolors@^1.0.0":
  "integrity" "sha512-1fygroTLlHu66zi26VoTDv8yRgm0Fccecssto+MhsZ0D/DGW2sm8E8AjW7NU5VVTRt5GxbeZ5qBuJr+HyLYkjQ=="
  "resolved" "https://registry.npmjs.org/picocolors/-/picocolors-1.0.0.tgz"
  "version" "1.0.0"

"postcss@8.4.31":
  "integrity" "sha512-PS08Iboia9mts/2ygV3eLpY5ghnUcfLV/EXTOW1E2qYxJKGGBUtNjN76FYHnMs36RmARn41bC0AZmn+rR0OVpQ=="
  "resolved" "https://registry.npmjs.org/postcss/-/postcss-8.4.31.tgz"
  "version" "8.4.31"
  dependencies:
    "nanoid" "^3.3.6"
    "picocolors" "^1.0.0"
    "source-map-js" "^1.0.2"

"react-countdown-simple@^1.0.12":
  "integrity" "sha512-ROW264Ly7r/XbRWiUBMhSdXLuodVNPW4hUWN0ufneJ13N4zRdr0p9clbkGDsNDeVQP2dtjb/ZTGiXGrUK2Judg=="
  "resolved" "https://registry.npmjs.org/react-countdown-simple/-/react-countdown-simple-1.0.12.tgz"
  "version" "1.0.12"

"react-dom@^18", "react-dom@^18.2.0":
  "integrity" "sha512-6IMTriUmvsjHUjNtEDudZfuDQUoWXVxKHhlEGSk81n4YFS+r/Kl99wXiwlVXtPBtJenozv2P+hxDsw9eA7Xo6g=="
  "resolved" "https://registry.npmjs.org/react-dom/-/react-dom-18.2.0.tgz"
  "version" "18.2.0"
  dependencies:
    "loose-envify" "^1.1.0"
    "scheduler" "^0.23.0"

"react@^18", "react@^18.2.0", "react@>= 16.8.0 || 17.x.x || ^18.0.0-0":
  "integrity" "sha512-/3IjMdb2L9QbBdWiW5e3P2/npwMBaU9mHCSCUzNln0ZCYbcfTsGbTJrU/kGemdH2IWmB2ioZ+zkxtmq6g09fGQ=="
  "resolved" "https://registry.npmjs.org/react/-/react-18.2.0.tgz"
  "version" "18.2.0"
  dependencies:
    "loose-envify" "^1.1.0"

"scheduler@^0.23.0":
  "integrity" "sha512-CtuThmgHNg7zIZWAXi3AsyIzA3n4xx7aNyjwC2VJldO2LMVDhFK+63xGqq6CsJH4rTAt6/M+N4GhZiDYPx9eUw=="
  "resolved" "https://registry.npmjs.org/scheduler/-/scheduler-0.23.0.tgz"
  "version" "0.23.0"
  dependencies:
    "loose-envify" "^1.1.0"

"source-map-js@^1.0.2":
  "integrity" "sha512-R0XvVJ9WusLiqTCEiGCmICCMplcCkIwwR11mOSD9CR5u+IXYdiseeEuXCVAjS54zqwkLcPNnmU4OeJ6tUrWhDw=="
  "resolved" "https://registry.npmjs.org/source-map-js/-/source-map-js-1.0.2.tgz"
  "version" "1.0.2"

"streamsearch@^1.1.0":
  "integrity" "sha512-Mcc5wHehp9aXz1ax6bZUyY5afg9u2rv5cqQI3mRrYkGC8rW2hM02jWuwjtL++LS5qinSyhj2QfLyNsuc+VsExg=="
  "resolved" "https://registry.npmjs.org/streamsearch/-/streamsearch-1.1.0.tgz"
  "version" "1.1.0"

"styled-jsx@5.1.1":
  "integrity" "sha512-pW7uC1l4mBZ8ugbiZrcIsiIvVx1UmTfw7UkC3Um2tmfUq9Bhk8IiyEIPl6F8agHgjzku6j0xQEZbfA5uSgSaCw=="
  "resolved" "https://registry.npmjs.org/styled-jsx/-/styled-jsx-5.1.1.tgz"
  "version" "5.1.1"
  dependencies:
    "client-only" "0.0.1"

"tslib@^2.4.0":
  "integrity" "sha512-AEYxH93jGFPn/a2iVAwW87VuUIkR1FVUKB77NwMF7nBTDkDrrT/Hpt/IrCJ0QXhW27jTBDcf5ZY7w6RiqTMw2Q=="
  "resolved" "https://registry.npmjs.org/tslib/-/tslib-2.6.2.tgz"
  "version" "2.6.2"

"typescript@5.2.2":
  "integrity" "sha512-mI4WrpHsbCIcwT9cF4FZvr80QUeKvsUsUvKDoR+X/7XHQH98xYD8YHZg7ANtz2GtZt/CBq2QJ0thkGJMHfqc1w=="
  "resolved" "https://registry.npmjs.org/typescript/-/typescript-5.2.2.tgz"
  "version" "5.2.2"

"undici-types@~5.25.1":
  "integrity" "sha512-Ga1jfYwRn7+cP9v8auvEXN1rX3sWqlayd4HP7OKk4mZWylEmu3KzXDUGrQUN6Ol7qo1gPvB2e5gX6udnyEPgdA=="
  "resolved" "https://registry.npmjs.org/undici-types/-/undici-types-5.25.3.tgz"
  "version" "5.25.3"

"watchpack@2.4.0":
  "integrity" "sha512-Lcvm7MGST/4fup+ifyKi2hjyIAwcdI4HRgtvTpIUxBRhB+RFtUh8XtDOxUfctVCnhVi+QQj49i91OyvzkJl6cg=="
  "resolved" "https://registry.npmjs.org/watchpack/-/watchpack-2.4.0.tgz"
  "version" "2.4.0"
  dependencies:
    "glob-to-regexp" "^0.4.1"
    "graceful-fs" "^4.1.2"
